
Microsoft Visual Studio Solution File, Format Version 12.00
# Visual Studio 2013
VisualStudioVersion = 12.0.30723.0
MinimumVisualStudioVersion = 10.0.40219.1
Project("{FAE04EC0-301F-11D3-BF4B-00C04F79EFBC}") = "WindowsFormsApplication1", "WindowsFormsApplication1\WindowsFormsApplication1.csproj", "{172CBC56-7E8F-4D48-8535-F88826CFE1B3}"
EndProject
Project("{FAE04EC0-301F-11D3-BF4B-00C04F79EFBC}") = "CurrencyTest", "CurrencyTest\CurrencyTest.csproj", "{7956F09A-02DC-4651-B688-50C9EBEDEAB6}"
EndProject
Project("{FAE04EC0-301F-11D3-BF4B-00C04F79EFBC}") = "NUnitTestProject2", "NUnitTestProject2\NUnitTestProject2.csproj", "{067456C0-086C-46A8-B37F-1405717B7BFC}"
EndProject
Global
	GlobalSection(SolutionConfigurationPlatforms) = preSolution
		Debug|Any CPU = Debug|Any CPU
		Release|Any CPU = Release|Any CPU
	EndGlobalSection
	GlobalSection(ProjectConfigurationPlatforms) = postSolution
		{172CBC56-7E8F-4D48-8535-F88826CFE1B3}.Debug|Any CPU.ActiveCfg = Debug|Any CPU
		{172CBC56-7E8F-4D48-8535-F88826CFE1B3}.Debug|Any CPU.Build.0 = Debug|Any CPU
		{172CBC56-7E8F-4D48-8535-F88826CFE1B3}.Release|Any CPU.ActiveCfg = Release|Any CPU
		{172CBC56-7E8F-4D48-8535-F88826CFE1B3}.Release|Any CPU.Build.0 = Release|Any CPU
		{7956F09A-02DC-4651-B688-50C9EBEDEAB6}.Debug|Any CPU.ActiveCfg = Debug|Any CPU
		{7956F09A-02DC-4651-B688-50C9EBEDEAB6}.Debug|Any CPU.Build.0 = Debug|Any CPU
		{7956F09A-02DC-4651-B688-50C9EBEDEAB6}.Release|Any CPU.ActiveCfg = Release|Any CPU
		{7956F09A-02DC-4651-B688-50C9EBEDEAB6}.Release|Any CPU.Build.0 = Release|Any CPU
		{067456C0-086C-46A8-B37F-1405717B7BFC}.Debug|Any CPU.ActiveCfg = Debug|Any CPU
		{067456C0-086C-46A8-B37F-1405717B7BFC}.Debug|Any CPU.Build.0 = Debug|Any CPU
		{067456C0-086C-46A8-B37F-1405717B7BFC}.Release|Any CPU.ActiveCfg = Release|Any CPU
		{067456C0-086C-46A8-B37F-1405717B7BFC}.Release|Any CPU.Build.0 = Release|Any CPU
	EndGlobalSection
	GlobalSection(SolutionProperties) = preSolution
		HideSolutionNode = FALSE
	EndGlobalSection
EndGlobal
